
Microsoft Visual Studio Solution File, Format Version 12.00
# Visual Studio Version 16
VisualStudioVersion = 16.0.29009.5
MinimumVisualStudioVersion = 10.0.40219.1
Project("{FAE04EC0-301F-11D3-BF4B-00C04F79EFBC}") = "Kald Geometrical Shapes", "Kald Geometrical Shapes\Kald Geometrical Shapes.csproj", "{EEB3BCCD-DC1B-4114-A1E0-EFB2282B9BD9}"
EndProject
Global
	GlobalSection(SolutionConfigurationPlatforms) = preSolution
		Debug|Any CPU = Debug|Any CPU
		Release|Any CPU = Release|Any CPU
	EndGlobalSection
	GlobalSection(ProjectConfigurationPlatforms) = postSolution
		{EEB3BCCD-DC1B-4114-A1E0-EFB2282B9BD9}.Debug|Any CPU.ActiveCfg = Debug|Any CPU
		{EEB3BCCD-DC1B-4114-A1E0-EFB2282B9BD9}.Debug|Any CPU.Build.0 = Debug|Any CPU
		{EEB3BCCD-DC1B-4114-A1E0-EFB2282B9BD9}.Release|Any CPU.ActiveCfg = Release|Any CPU
		{EEB3BCCD-DC1B-4114-A1E0-EFB2282B9BD9}.Release|Any CPU.Build.0 = Release|Any CPU
	EndGlobalSection
	GlobalSection(SolutionProperties) = preSolution
		HideSolutionNode = FALSE
	EndGlobalSection
	GlobalSection(ExtensibilityGlobals) = postSolution
		SolutionGuid = {F7C7940F-5FFA-4D48-A117-D4616679D08E}
	EndGlobalSection
EndGlobal
